
Microsoft Visual Studio Solution File, Format Version 12.00
Project("{FAE04EC0-301F-11D3-BF4B-00C04F79EFBC}") = "TwoSum", "TwoSum\TwoSum.csproj", "{FA0DE504-A8EE-468F-A3BA-365627606484}"
EndProject
Project("{FAE04EC0-301F-11D3-BF4B-00C04F79EFBC}") = "HappyNumber", "HappyNumber\HappyNumber.csproj", "{81E4C63B-A21A-4EA6-9ABD-AAD49C4C5D40}"
EndProject
Project("{FAE04EC0-301F-11D3-BF4B-00C04F79EFBC}") = "SlidingWindow", "SlidingWindow\SlidingWindow.csproj", "{75F9545F-18D5-4EB7-A3A4-4B7E1759D9D1}"
EndProject
Project("{FAE04EC0-301F-11D3-BF4B-00C04F79EFBC}") = "arrays", "arrays\arrays.csproj", "{F0D86633-CD8E-4F98-A132-16D462AEA2F6}"
EndProject
Project("{FAE04EC0-301F-11D3-BF4B-00C04F79EFBC}") = "strings", "strings\strings.csproj", "{D70CD403-AC1C-493A-9911-B3A96E2046F7}"
EndProject
Project("{FAE04EC0-301F-11D3-BF4B-00C04F79EFBC}") = "math", "math\math.csproj", "{E77A1F0F-CC02-433D-AC26-E8027CF5F735}"
EndProject
Project("{FAE04EC0-301F-11D3-BF4B-00C04F79EFBC}") = "sort", "sort\sort.csproj", "{37CDD8CB-3358-484C-90B0-CBAFA0B5E4CF}"
EndProject
Global
	GlobalSection(SolutionConfigurationPlatforms) = preSolution
		Debug|Any CPU = Debug|Any CPU
		Release|Any CPU = Release|Any CPU
	EndGlobalSection
	GlobalSection(ProjectConfigurationPlatforms) = postSolution
		{FA0DE504-A8EE-468F-A3BA-365627606484}.Debug|Any CPU.ActiveCfg = Debug|Any CPU
		{FA0DE504-A8EE-468F-A3BA-365627606484}.Debug|Any CPU.Build.0 = Debug|Any CPU
		{FA0DE504-A8EE-468F-A3BA-365627606484}.Release|Any CPU.ActiveCfg = Release|Any CPU
		{FA0DE504-A8EE-468F-A3BA-365627606484}.Release|Any CPU.Build.0 = Release|Any CPU
		{81E4C63B-A21A-4EA6-9ABD-AAD49C4C5D40}.Debug|Any CPU.ActiveCfg = Debug|Any CPU
		{81E4C63B-A21A-4EA6-9ABD-AAD49C4C5D40}.Debug|Any CPU.Build.0 = Debug|Any CPU
		{81E4C63B-A21A-4EA6-9ABD-AAD49C4C5D40}.Release|Any CPU.ActiveCfg = Release|Any CPU
		{81E4C63B-A21A-4EA6-9ABD-AAD49C4C5D40}.Release|Any CPU.Build.0 = Release|Any CPU
		{75F9545F-18D5-4EB7-A3A4-4B7E1759D9D1}.Debug|Any CPU.ActiveCfg = Debug|Any CPU
		{75F9545F-18D5-4EB7-A3A4-4B7E1759D9D1}.Debug|Any CPU.Build.0 = Debug|Any CPU
		{75F9545F-18D5-4EB7-A3A4-4B7E1759D9D1}.Release|Any CPU.ActiveCfg = Release|Any CPU
		{75F9545F-18D5-4EB7-A3A4-4B7E1759D9D1}.Release|Any CPU.Build.0 = Release|Any CPU
		{F0D86633-CD8E-4F98-A132-16D462AEA2F6}.Debug|Any CPU.ActiveCfg = Debug|Any CPU
		{F0D86633-CD8E-4F98-A132-16D462AEA2F6}.Debug|Any CPU.Build.0 = Debug|Any CPU
		{F0D86633-CD8E-4F98-A132-16D462AEA2F6}.Release|Any CPU.ActiveCfg = Release|Any CPU
		{F0D86633-CD8E-4F98-A132-16D462AEA2F6}.Release|Any CPU.Build.0 = Release|Any CPU
		{D70CD403-AC1C-493A-9911-B3A96E2046F7}.Debug|Any CPU.ActiveCfg = Debug|Any CPU
		{D70CD403-AC1C-493A-9911-B3A96E2046F7}.Debug|Any CPU.Build.0 = Debug|Any CPU
		{D70CD403-AC1C-493A-9911-B3A96E2046F7}.Release|Any CPU.ActiveCfg = Release|Any CPU
		{D70CD403-AC1C-493A-9911-B3A96E2046F7}.Release|Any CPU.Build.0 = Release|Any CPU
		{E77A1F0F-CC02-433D-AC26-E8027CF5F735}.Debug|Any CPU.ActiveCfg = Debug|Any CPU
		{E77A1F0F-CC02-433D-AC26-E8027CF5F735}.Debug|Any CPU.Build.0 = Debug|Any CPU
		{E77A1F0F-CC02-433D-AC26-E8027CF5F735}.Release|Any CPU.ActiveCfg = Release|Any CPU
		{E77A1F0F-CC02-433D-AC26-E8027CF5F735}.Release|Any CPU.Build.0 = Release|Any CPU
		{37CDD8CB-3358-484C-90B0-CBAFA0B5E4CF}.Debug|Any CPU.ActiveCfg = Debug|Any CPU
		{37CDD8CB-3358-484C-90B0-CBAFA0B5E4CF}.Debug|Any CPU.Build.0 = Debug|Any CPU
		{37CDD8CB-3358-484C-90B0-CBAFA0B5E4CF}.Release|Any CPU.ActiveCfg = Release|Any CPU
		{37CDD8CB-3358-484C-90B0-CBAFA0B5E4CF}.Release|Any CPU.Build.0 = Release|Any CPU
	EndGlobalSection
EndGlobal
